
Microsoft Visual Studio Solution File, Format Version 12.00
# Visual Studio Version 17
VisualStudioVersion = 17.9.34728.123
MinimumVisualStudioVersion = 10.0.40219.1
Project("{FAE04EC0-301F-11D3-BF4B-00C04F79EFBC}") = "CarRentalManagementSystem", "CarRentalManagementSystem.csproj", "{D21FC71E-A6D9-404A-A87A-A334CF11B7FA}"
EndProject
Global
	GlobalSection(SolutionConfigurationPlatforms) = preSolution
		Debug|Any CPU = Debug|Any CPU
		Release|Any CPU = Release|Any CPU
	EndGlobalSection
	GlobalSection(ProjectConfigurationPlatforms) = postSolution
		{D21FC71E-A6D9-404A-A87A-A334CF11B7FA}.Debug|Any CPU.ActiveCfg = Debug|Any CPU
		{D21FC71E-A6D9-404A-A87A-A334CF11B7FA}.Debug|Any CPU.Build.0 = Debug|Any CPU
		{D21FC71E-A6D9-404A-A87A-A334CF11B7FA}.Release|Any CPU.ActiveCfg = Release|Any CPU
		{D21FC71E-A6D9-404A-A87A-A334CF11B7FA}.Release|Any CPU.Build.0 = Release|Any CPU
	EndGlobalSection
	GlobalSection(SolutionProperties) = preSolution
		HideSolutionNode = FALSE
	EndGlobalSection
	GlobalSection(ExtensibilityGlobals) = postSolution
		SolutionGuid = {308ED780-BA73-4980-A5A6-75712A562C90}
	EndGlobalSection
EndGlobal
